// !$*UTF8*$!
{
	archiveVersion = 1;
	classes = {
	};
	objectVersion = 46;
	objects = {

/* Begin PBXBuildFile section */
		8EAF4B8B1BFC0DDA0038C6A9 /* main.m in Sources */ = {isa = PBXBuildFile; fileRef = 8EAF4B8A1BFC0DDA0038C6A9 /* main.m */; };
		8EAF4B8E1BFC0DDA0038C6A9 /* AppDelegate.m in Sources */ = {isa = PBXBuildFile; fileRef = 8EAF4B8D1BFC0DDA0038C6A9 /* AppDelegate.m */; };
		8EAF4B911BFC0DDA0038C6A9 /* ViewController.m in Sources */ = {isa = PBXBuildFile; fileRef = 8EAF4B901BFC0DDA0038C6A9 /* ViewController.m */; };
		8EAF4B941BFC0DDA0038C6A9 /* Main.storyboard in Resources */ = {isa = PBXBuildFile; fileRef = 8EAF4B921BFC0DDA0038C6A9 /* Main.storyboard */; };
		8EAF4B961BFC0DDA0038C6A9 /* Assets.xcassets in Resources */ = {isa = PBXBuildFile; fileRef = 8EAF4B951BFC0DDA0038C6A9 /* Assets.xcassets */; };
		8EAF4B991BFC0DDA0038C6A9 /* LaunchScreen.storyboard in Resources */ = {isa = PBXBuildFile; fileRef = 8EAF4B971BFC0DDA0038C6A9 /* LaunchScreen.storyboard */; };
		8EAF4BA41BFC0DDA0038C6A9 /* NavgationViewControolerDemoTests.m in Sources */ = {isa = PBXBuildFile; fileRef = 8EAF4BA31BFC0DDA0038C6A9 /* NavgationViewControolerDemoTests.m */; };
		8EAF4BAF1BFC0DDA0038C6A9 /* NavgationViewControolerDemoUITests.m in Sources */ = {isa = PBXBuildFile; fileRef = 8EAF4BAE1BFC0DDA0038C6A9 /* NavgationViewControolerDemoUITests.m */; };
/* End PBXBuildFile section */

/* Begin PBXContainerItemProxy section */
		8EAF4BA01BFC0DDA0038C6A9 /* PBXContainerItemProxy */ = {
			isa = PBXContainerItemProxy;
			containerPortal = 8EAF4B7E1BFC0DDA0038C6A9 /* Project object */;
			proxyType = 1;
			remoteGlobalIDString = 8EAF4B851BFC0DDA0038C6A9;
			remoteInfo = NavgationViewControolerDemo;
		};
		8EAF4BAB1BFC0DDA0038C6A9 /* PBXContainerItemProxy */ = {
			isa = PBXContainerItemProxy;
			containerPortal = 8EAF4B7E1BFC0DDA0038C6A9 /* Project object */;
			proxyType = 1;
			remoteGlobalIDString = 8EAF4B851BFC0DDA0038C6A9;
			remoteInfo = NavgationViewControolerDemo;
		};
/* End PBXContainerItemProxy section */

/* Begin PBXFileReference section */
		8EAF4B861BFC0DDA0038C6A9 /* NavgationViewControolerDemo.app */ = {isa = PBXFileReference; explicitFileType = wrapper.application; includeInIndex = 0; path = NavgationViewControolerDemo.app; sourceTree = BUILT_PRODUCTS_DIR; };
		8EAF4B8A1BFC0DDA0038C6A9 /* main.m */ = {isa = PBXFileReference; lastKnownFileType = sourcecode.c.objc; path = main.m; sourceTree = "<group>"; };
		8EAF4B8C1BFC0DDA0038C6A9 /* AppDelegate.h */ = {isa = PBXFileReference; lastKnownFileType = sourcecode.c.h; path = AppDelegate.h; sourceTree = "<group>"; };
		8EAF4B8D1BFC0DDA0038C6A9 /* AppDelegate.m */ = {isa = PBXFileReference; lastKnownFileType = sourcecode.c.objc; path = AppDelegate.m; sourceTree = "<group>"; };
		8EAF4B8F1BFC0DDA0038C6A9 /* ViewController.h */ = {isa = PBXFileReference; lastKnownFileType = sourcecode.c.h; path = ViewController.h; sourceTree = "<group>"; };
		8EAF4B901BFC0DDA0038C6A9 /* ViewController.m */ = {isa = PBXFileReference; lastKnownFileType = sourcecode.c.objc; path = ViewController.m; sourceTree = "<group>"; };
		8EAF4B931BFC0DDA0038C6A9 /* Base */ = {isa = PBXFileReference; lastKnownFileType = file.storyboard; name = Base; path = Base.lproj/Main.storyboard; sourceTree = "<group>"; };
		8EAF4B951BFC0DDA0038C6A9 /* Assets.xcassets */ = {isa = PBXFileReference; lastKnownFileType = folder.assetcatalog; path = Assets.xcassets; sourceTree = "<group>"; };
		8EAF4B981BFC0DDA0038C6A9 /* Base */ = {isa = PBXFileReference; lastKnownFileType = file.storyboard; name = Base; path = Base.lproj/LaunchScreen.storyboard; sourceTree = "<group>"; };
		8EAF4B9A1BFC0DDA0038C6A9 /* Info.plist */ = {isa = PBXFileReference; lastKnownFileType = text.plist.xml; path = Info.plist; sourceTree = "<group>"; };
		8EAF4B9F1BFC0DDA0038C6A9 /* NavgationViewControolerDemoTests.xctest */ = {isa = PBXFileReference; explicitFileType = wrapper.cfbundle; includeInIndex = 0; path = NavgationViewControolerDemoTests.xctest; sourceTree = BUILT_PRODUCTS_DIR; };
		8EAF4BA31BFC0DDA0038C6A9 /* NavgationViewControolerDemoTests.m */ = {isa = PBXFileReference; lastKnownFileType = sourcecode.c.objc; path = NavgationViewControolerDemoTests.m; sourceTree = "<group>"; };
		8EAF4BA51BFC0DDA0038C6A9 /* Info.plist */ = {isa = PBXFileReference; lastKnownFileType = text.plist.xml; path = Info.plist; sourceTree = "<group>"; };
		8EAF4BAA1BFC0DDA0038C6A9 /* NavgationViewControolerDemoUITests.xctest */ = {isa = PBXFileReference; explicitFileType = wrapper.cfbundle; includeInIndex = 0; path = NavgationViewControolerDemoUITests.xctest; sourceTree = BUILT_PRODUCTS_DIR; };
		8EAF4BAE1BFC0DDA0038C6A9 /* NavgationViewControolerDemoUITests.m */ = {isa = PBXFileReference; lastKnownFileType = sourcecode.c.objc; path = NavgationViewControolerDemoUITests.m; sourceTree = "<group>"; };
		8EAF4BB01BFC0DDA0038C6A9 /* Info.plist */ = {isa = PBXFileReference; lastKnownFileType = text.plist.xml; path = Info.plist; sourceTree = "<group>"; };
/* End PBXFileReference section */

/* Begin PBXFrameworksBuildPhase section */
		8EAF4B831BFC0DDA0038C6A9 /* Frameworks */ = {
			isa = PBXFrameworksBuildPhase;
			buildActionMask = 2147483647;
			files = (
			);
			runOnlyForDeploymentPostprocessing = 0;
		};
		8EAF4B9C1BFC0DDA0038C6A9 /* Frameworks */ = {
			isa = PBXFrameworksBuildPhase;
			buildActionMask = 2147483647;
			files = (
			);
			runOnlyForDeploymentPostprocessing = 0;
		};
		8EAF4BA71BFC0DDA0038C6A9 /* Frameworks */ = {
			isa = PBXFrameworksBuildPhase;
			buildActionMask = 2147483647;
			files = (
			);
			runOnlyForDeploymentPostprocessing = 0;
		};
/* End PBXFrameworksBuildPhase section */

/* Begin PBXGroup section */
		8EAF4B7D1BFC0DDA0038C6A9 = {
			isa = PBXGroup;
			children = (
				8EAF4B881BFC0DDA0038C6A9 /* NavgationViewControolerDemo */,
				8EAF4BA21BFC0DDA0038C6A9 /* NavgationViewControolerDemoTests */,
				8EAF4BAD1BFC0DDA0038C6A9 /* NavgationViewControolerDemoUITests */,
				8EAF4B871BFC0DDA0038C6A9 /* Products */,
			);
			sourceTree = "<group>";
		};
		8EAF4B871BFC0DDA0038C6A9 /* Products */ = {
			isa = PBXGroup;
			children = (
				8EAF4B861BFC0DDA0038C6A9 /* NavgationViewControolerDemo.app */,
				8EAF4B9F1BFC0DDA0038C6A9 /* NavgationViewControolerDemoTests.xctest */,
				8EAF4BAA1BFC0DDA0038C6A9 /* NavgationViewControolerDemoUITests.xctest */,
			);
			name = Products;
			sourceTree = "<group>";
		};
		8EAF4B881BFC0DDA0038C6A9 /* NavgationViewControolerDemo */ = {
			isa = PBXGroup;
			children = (
				8EAF4B8C1BFC0DDA0038C6A9 /* AppDelegate.h */,
				8EAF4B8D1BFC0DDA0038C6A9 /* AppDelegate.m */,
				8EAF4B8F1BFC0DDA0038C6A9 /* ViewController.h */,
				8EAF4B901BFC0DDA0038C6A9 /* ViewController.m */,
				8EAF4B921BFC0DDA0038C6A9 /* Main.storyboard */,
				8EAF4B951BFC0DDA0038C6A9 /* Assets.xcassets */,
				8EAF4B971BFC0DDA0038C6A9 /* LaunchScreen.storyboard */,
				8EAF4B9A1BFC0DDA0038C6A9 /* Info.plist */,
				8EAF4B891BFC0DDA0038C6A9 /* Supporting Files */,
			);
			path = NavgationViewControolerDemo;
			sourceTree = "<group>";
		};
		8EAF4B891BFC0DDA0038C6A9 /* Supporting Files */ = {
			isa = PBXGroup;
			children = (
				8EAF4B8A1BFC0DDA0038C6A9 /* main.m */,
			);
			name = "Supporting Files";
			sourceTree = "<group>";
		};
		8EAF4BA21BFC0DDA0038C6A9 /* NavgationViewControolerDemoTests */ = {
			isa = PBXGroup;
			children = (
				8EAF4BA31BFC0DDA0038C6A9 /* NavgationViewControolerDemoTests.m */,
				8EAF4BA51BFC0DDA0038C6A9 /* Info.plist */,
			);
			path = NavgationViewControolerDemoTests;
			sourceTree = "<group>";
		};
		8EAF4BAD1BFC0DDA0038C6A9 /* NavgationViewControolerDemoUITests */ = {
			isa = PBXGroup;
			children = (
				8EAF4BAE1BFC0DDA0038C6A9 /* NavgationViewControolerDemoUITests.m */,
				8EAF4BB01BFC0DDA0038C6A9 /* Info.plist */,
			);
			path = NavgationViewControolerDemoUITests;
			sourceTree = "<group>";
		};
/* End PBXGroup section */

/* Begin PBXNativeTarget section */
		8EAF4B851BFC0DDA0038C6A9 /* NavgationViewControolerDemo */ = {
			isa = PBXNativeTarget;
			buildConfigurationList = 8EAF4BB31BFC0DDA0038C6A9 /* Build configuration list for PBXNativeTarget "NavgationViewControolerDemo" */;
			buildPhases = (
				8EAF4B821BFC0DDA0038C6A9 /* Sources */,
				8EAF4B831BFC0DDA0038C6A9 /* Frameworks */,
				8EAF4B841BFC0DDA0038C6A9 /* Resources */,
			);
			buildRules = (
			);
			dependencies = (
			);
			name = NavgationViewControolerDemo;
			productName = NavgationViewControolerDemo;
			productReference = 8EAF4B861BFC0DDA0038C6A9 /* NavgationViewControolerDemo.app */;
			productType = "com.apple.product-type.application";
		};
		8EAF4B9E1BFC0DDA0038C6A9 /* NavgationViewControolerDemoTests */ = {
			isa = PBXNativeTarget;
			buildConfigurationList = 8EAF4BB61BFC0DDA0038C6A9 /* Build configuration list for PBXNativeTarget "NavgationViewControolerDemoTests" */;
			buildPhases = (
				8EAF4B9B1BFC0DDA0038C6A9 /* Sources */,
				8EAF4B9C1BFC0DDA0038C6A9 /* Frameworks */,
				8EAF4B9D1BFC0DDA0038C6A9 /* Resources */,
			);
			buildRules = (
			);
			dependencies = (
				8EAF4BA11BFC0DDA0038C6A9 /* PBXTargetDependency */,
			);
			name = NavgationViewControolerDemoTests;
			productName = NavgationViewControolerDemoTests;
			productReference = 8EAF4B9F1BFC0DDA0038C6A9 /* NavgationViewControolerDemoTests.xctest */;
			productType = "com.apple.product-type.bundle.unit-test";
		};
		8EAF4BA91BFC0DDA0038C6A9 /* NavgationViewControolerDemoUITests */ = {
			isa = PBXNativeTarget;
			buildConfigurationList = 8EAF4BB91BFC0DDA0038C6A9 /* Build configuration list for PBXNativeTarget "NavgationViewControolerDemoUITests" */;
			buildPhases = (
				8EAF4BA61BFC0DDA0038C6A9 /* Sources */,
				8EAF4BA71BFC0DDA0038C6A9 /* Frameworks */,
				8EAF4BA81BFC0DDA0038C6A9 /* Resources */,
			);
			buildRules = (
			);
			dependencies = (
				8EAF4BAC1BFC0DDA0038C6A9 /* PBXTargetDependency */,
			);
			name = NavgationViewControolerDemoUITests;
			productName = NavgationViewControolerDemoUITests;
			productReference = 8EAF4BAA1BFC0DDA0038C6A9 /* NavgationViewControolerDemoUITests.xctest */;
			productType = "com.apple.product-type.bundle.ui-testing";
		};
/* End PBXNativeTarget section */

/* Begin PBXProject section */
		8EAF4B7E1BFC0DDA0038C6A9 /* Project object */ = {
			isa = PBXProject;
			attributes = {
				LastUpgradeCheck = 0710;
				ORGANIZATIONNAME = miaogaoliang;
				TargetAttributes = {
					8EAF4B851BFC0DDA0038C6A9 = {
						CreatedOnToolsVersion = 7.1;
					};
					8EAF4B9E1BFC0DDA0038C6A9 = {
						CreatedOnToolsVersion = 7.1;
						TestTargetID = 8EAF4B851BFC0DDA0038C6A9;
					};
					8EAF4BA91BFC0DDA0038C6A9 = {
						CreatedOnToolsVersion = 7.1;
						TestTargetID = 8EAF4B851BFC0DDA0038C6A9;
					};
				};
			};
			buildConfigurationList = 8EAF4B811BFC0DDA0038C6A9 /* Build configuration list for PBXProject "NavgationViewControolerDemo" */;
			compatibilityVersion = "Xcode 3.2";
			developmentRegion = English;
			hasScannedForEncodings = 0;
			knownRegions = (
				en,
				Base,
			);
			mainGroup = 8EAF4B7D1BFC0DDA0038C6A9;
			productRefGroup = 8EAF4B871BFC0DDA0038C6A9 /* Products */;
			projectDirPath = "";
			projectRoot = "";
			targets = (
				8EAF4B851BFC0DDA0038C6A9 /* NavgationViewControolerDemo */,
				8EAF4B9E1BFC0DDA0038C6A9 /* NavgationViewControolerDemoTests */,
				8EAF4BA91BFC0DDA0038C6A9 /* NavgationViewControolerDemoUITests */,
			);
		};
/* End PBXProject section */

/* Begin PBXResourcesBuildPhase section */
		8EAF4B841BFC0DDA0038C6A9 /* Resources */ = {
			isa = PBXResourcesBuildPhase;
			buildActionMask = 2147483647;
			files = (
				8EAF4B991BFC0DDA0038C6A9 /* LaunchScreen.storyboard in Resources */,
				8EAF4B961BFC0DDA0038C6A9 /* Assets.xcassets in Resources */,
				8EAF4B941BFC0DDA0038C6A9 /* Main.storyboard in Resources */,
			);
			runOnlyForDeploymentPostprocessing = 0;
		};
		8EAF4B9D1BFC0DDA0038C6A9 /* Resources */ = {
			isa = PBXResourcesBuildPhase;
			buildActionMask = 2147483647;
			files = (
			);
			runOnlyForDeploymentPostprocessing = 0;
		};
		8EAF4BA81BFC0DDA0038C6A9 /* Resources */ = {
			isa = PBXResourcesBuildPhase;
			buildActionMask = 2147483647;
			files = (
			);
			runOnlyForDeploymentPostprocessing = 0;
		};
/* End PBXResourcesBuildPhase section */

/* Begin PBXSourcesBuildPhase section */
		8EAF4B821BFC0DDA0038C6A9 /* Sources */ = {
			isa = PBXSourcesBuildPhase;
			buildActionMask = 2147483647;
			files = (
				8EAF4B911BFC0DDA0038C6A9 /* ViewController.m in Sources */,
				8EAF4B8E1BFC0DDA0038C6A9 /* AppDelegate.m in Sources */,
				8EAF4B8B1BFC0DDA0038C6A9 /* main.m in Sources */,
			);
			runOnlyForDeploymentPostprocessing = 0;
		};
		8EAF4B9B1BFC0DDA0038C6A9 /* Sources */ = {
			isa = PBXSourcesBuildPhase;
			buildActionMask = 2147483647;
			files = (
				8EAF4BA41BFC0DDA0038C6A9 /* NavgationViewControolerDemoTests.m in Sources */,
			);
			runOnlyForDeploymentPostprocessing = 0;
		};
		8EAF4BA61BFC0DDA0038C6A9 /* Sources */ = {
			isa = PBXSourcesBuildPhase;
			buildActionMask = 2147483647;
			files = (
				8EAF4BAF1BFC0DDA0038C6A9 /* NavgationViewControolerDemoUITests.m in Sources */,
			);
			runOnlyForDeploymentPostprocessing = 0;
		};
/* End PBXSourcesBuildPhase section */

/* Begin PBXTargetDependency section */
		8EAF4BA11BFC0DDA0038C6A9 /* PBXTargetDependency */ = {
			isa = PBXTargetDependency;
			target = 8EAF4B851BFC0DDA0038C6A9 /* NavgationViewControolerDemo */;
			targetProxy = 8EAF4BA01BFC0DDA0038C6A9 /* PBXContainerItemProxy */;
		};
		8EAF4BAC1BFC0DDA0038C6A9 /* PBXTargetDependency */ = {
			isa = PBXTargetDependency;
			target = 8EAF4B851BFC0DDA0038C6A9 /* NavgationViewControolerDemo */;
			targetProxy = 8EAF4BAB1BFC0DDA0038C6A9 /* PBXContainerItemProxy */;
		};
/* End PBXTargetDependency section */

/* Begin PBXVariantGroup section */
		8EAF4B921BFC0DDA0038C6A9 /* Main.storyboard */ = {
			isa = PBXVariantGroup;
			children = (
				8EAF4B931BFC0DDA0038C6A9 /* Base */,
			);
			name = Main.storyboard;
			sourceTree = "<group>";
		};
		8EAF4B971BFC0DDA0038C6A9 /* LaunchScreen.storyboard */ = {
			isa = PBXVariantGroup;
			children = (
				8EAF4B981BFC0DDA0038C6A9 /* Base */,
			);
			name = LaunchScreen.storyboard;
			sourceTree = "<group>";
		};
/* End PBXVariantGroup section */

/* Begin XCBuildConfiguration section */
		8EAF4BB11BFC0DDA0038C6A9 /* Debug */ = {
			isa = XCBuildConfiguration;
			buildSettings = {
				ALWAYS_SEARCH_USER_PATHS = NO;
				CLANG_CXX_LANGUAGE_STANDARD = "gnu++0x";
				CLANG_CXX_LIBRARY = "libc++";
				CLANG_ENABLE_MODULES = YES;
				CLANG_ENABLE_OBJC_ARC = YES;
				CLANG_WARN_BOOL_CONVERSION = YES;
				CLANG_WARN_CONSTANT_CONVERSION = YES;
				CLANG_WARN_DIRECT_OBJC_ISA_USAGE = YES_ERROR;
				CLANG_WARN_EMPTY_BODY = YES;
				CLANG_WARN_ENUM_CONVERSION = YES;
				CLANG_WARN_INT_CONVERSION = YES;
				CLANG_WARN_OBJC_ROOT_CLASS = YES_ERROR;
				CLANG_WARN_UNREACHABLE_CODE = YES;
				CLANG_WARN__DUPLICATE_METHOD_MATCH = YES;
				"CODE_SIGN_IDENTITY[sdk=iphoneos*]" = "iPhone Developer";
				COPY_PHASE_STRIP = NO;
				DEBUG_INFORMATION_FORMAT = dwarf;
				ENABLE_STRICT_OBJC_MSGSEND = YES;
				ENABLE_TESTABILITY = YES;
				GCC_C_LANGUAGE_STANDARD = gnu99;
				GCC_DYNAMIC_NO_PIC = NO;
				GCC_NO_COMMON_BLOCKS = YES;
				GCC_OPTIMIZATION_LEVEL = 0;
				GCC_PREPROCESSOR_DEFINITIONS = (
					"DEBUG=1",
					"$(inherited)",
				);
				GCC_WARN_64_TO_32_BIT_CONVERSION = YES;
				GCC_WARN_ABOUT_RETURN_TYPE = YES_ERROR;
				GCC_WARN_UNDECLARED_SELECTOR = YES;
				GCC_WARN_UNINITIALIZED_AUTOS = YES_AGGRESSIVE;
				GCC_WARN_UNUSED_FUNCTION = YES;
				GCC_WARN_UNUSED_VARIABLE = YES;
				IPHONEOS_DEPLOYMENT_TARGET = 9.1;
				MTL_ENABLE_DEBUG_INFO = YES;
				ONLY_ACTIVE_ARCH = YES;
				SDKROOT = iphoneos;
			};
			name = Debug;
		};
		8EAF4BB21BFC0DDA0038C6A9 /* Release */ = {
			isa = XCBuildConfiguration;
			buildSettings = {
				ALWAYS_SEARCH_USER_PATHS = NO;
				CLANG_CXX_LANGUAGE_STANDARD = "gnu++0x";
				CLANG_CXX_LIBRARY = "libc++";
				CLANG_ENABLE_MODULES = YES;
				CLANG_ENABLE_OBJC_ARC = YES;
				CLANG_WARN_BOOL_CONVERSION = YES;
				CLANG_WARN_CONSTANT_CONVERSION = YES;
				CLANG_WARN_DIRECT_OBJC_ISA_USAGE = YES_ERROR;
				CLANG_WARN_EMPTY_BODY = YES;
				CLANG_WARN_ENUM_CONVERSION = YES;
				CLANG_WARN_INT_CONVERSION = YES;
				CLANG_WARN_OBJC_ROOT_CLASS = YES_ERROR;
				CLANG_WARN_UNREACHABLE_CODE = YES;
				CLANG_WARN__DUPLICATE_METHOD_MATCH = YES;
				"CODE_SIGN_IDENTITY[sdk=iphoneos*]" = "iPhone Developer";
				COPY_PHASE_STRIP = NO;
				DEBUG_INFORMATION_FORMAT = "dwarf-with-dsym";
				ENABLE_NS_ASSERTIONS = NO;
				ENABLE_STRICT_OBJC_MSGSEND = YES;
				GCC_C_LANGUAGE_STANDARD = gnu99;
				GCC_NO_COMMON_BLOCKS = YES;
				GCC_WARN_64_TO_32_BIT_CONVERSION = YES;
				GCC_WARN_ABOUT_RETURN_TYPE = YES_ERROR;
				GCC_WARN_UNDECLARED_SELECTOR = YES;
				GCC_WARN_UNINITIALIZED_AUTOS = YES_AGGRESSIVE;
				GCC_WARN_UNUSED_FUNCTION = YES;
				GCC_WARN_UNUSED_VARIABLE = YES;
				IPHONEOS_DEPLOYMENT_TARGET = 9.1;
				MTL_ENABLE_DEBUG_INFO = NO;
				SDKROOT = iphoneos;
				VALIDATE_PRODUCT = YES;
			};
			name = Release;
		};
		8EAF4BB41BFC0DDA0038C6A9 /* Debug */ = {
			isa = XCBuildConfiguration;
			buildSettings = {
				ASSETCATALOG_COMPILER_APPICON_NAME = AppIcon;
				INFOPLIST_FILE = NavgationViewControolerDemo/Info.plist;
				LD_RUNPATH_SEARCH_PATHS = "$(inherited) @executable_path/Frameworks";
				PRODUCT_BUNDLE_IDENTIFIER = com.moji.NavgationViewControolerDemo;
				PRODUCT_NAME = "$(TARGET_NAME)";
			};
			name = Debug;
		};
		8EAF4BB51BFC0DDA0038C6A9 /* Release */ = {
			isa = XCBuildConfiguration;
			buildSettings = {
				ASSETCATALOG_COMPILER_APPICON_NAME = AppIcon;
				INFOPLIST_FILE = NavgationViewControolerDemo/Info.plist;
				LD_RUNPATH_SEARCH_PATHS = "$(inherited) @executable_path/Frameworks";
				PRODUCT_BUNDLE_IDENTIFIER = com.moji.NavgationViewControolerDemo;
				PRODUCT_NAME = "$(TARGET_NAME)";
			};
			name = Release;
		};
		8EAF4BB71BFC0DDA0038C6A9 /* Debug */ = {
			isa = XCBuildConfiguration;
			buildSettings = {
				BUNDLE_LOADER = "$(TEST_HOST)";
				INFOPLIST_FILE = NavgationViewControolerDemoTests/Info.plist;
				LD_RUNPATH_SEARCH_PATHS = "$(inherited) @executable_path/Frameworks @loader_path/Frameworks";
				PRODUCT_BUNDLE_IDENTIFIER = com.moji.NavgationViewControolerDemoTests;
				PRODUCT_NAME = "$(TARGET_NAME)";
				TEST_HOST = "$(BUILT_PRODUCTS_DIR)/NavgationViewControolerDemo.app/NavgationViewControolerDemo";
			};
			name = Debug;
		};
		8EAF4BB81BFC0DDA0038C6A9 /* Release */ = {
			isa = XCBuildConfiguration;
			buildSettings = {
				BUNDLE_LOADER = "$(TEST_HOST)";
				INFOPLIST_FILE = NavgationViewControolerDemoTests/Info.plist;
				LD_RUNPATH_SEARCH_PATHS = "$(inherited) @executable_path/Frameworks @loader_path/Frameworks";
				PRODUCT_BUNDLE_IDENTIFIER = com.moji.NavgationViewControolerDemoTests;
				PRODUCT_NAME = "$(TARGET_NAME)";
				TEST_HOST = "$(BUILT_PRODUCTS_DIR)/NavgationViewControolerDemo.app/NavgationViewControolerDemo";
			};
			name = Release;
		};
		8EAF4BBA1BFC0DDA0038C6A9 /* Debug */ = {
			isa = XCBuildConfiguration;
			buildSettings = {
				INFOPLIST_FILE = NavgationViewControolerDemoUITests/Info.plist;
				LD_RUNPATH_SEARCH_PATHS = "$(inherited) @executable_path/Frameworks @loader_path/Frameworks";
				PRODUCT_BUNDLE_IDENTIFIER = com.moji.NavgationViewControolerDemoUITests;
				PRODUCT_NAME = "$(TARGET_NAME)";
				TEST_TARGET_NAME = NavgationViewControolerDemo;
				USES_XCTRUNNER = YES;
			};
			name = Debug;
		};
		8EAF4BBB1BFC0DDA0038C6A9 /* Release */ = {
			isa = XCBuildConfiguration;
			buildSettings = {
				INFOPLIST_FILE = NavgationViewControolerDemoUITests/Info.plist;
				LD_RUNPATH_SEARCH_PATHS = "$(inherited) @executable_path/Frameworks @loader_path/Frameworks";
				PRODUCT_BUNDLE_IDENTIFIER = com.moji.NavgationViewControolerDemoUITests;
				PRODUCT_NAME = "$(TARGET_NAME)";
				TEST_TARGET_NAME = NavgationViewControolerDemo;
				USES_XCTRUNNER = YES;
			};
			name = Release;
		};
/* End XCBuildConfiguration section */

/* Begin XCConfigurationList section */
		8EAF4B811BFC0DDA0038C6A9 /* Build configuration list for PBXProject "NavgationViewControolerDemo" */ = {
			isa = XCConfigurationList;
			buildConfigurations = (
				8EAF4BB11BFC0DDA0038C6A9 /* Debug */,
				8EAF4BB21BFC0DDA0038C6A9 /* Release */,
			);
			defaultConfigurationIsVisible = 0;
			defaultConfigurationName = Release;
		};
		8EAF4BB31BFC0DDA0038C6A9 /* Build configuration list for PBXNativeTarget "NavgationViewControolerDemo" */ = {
			isa = XCConfigurationList;
			buildConfigurations = (
				8EAF4BB41BFC0DDA0038C6A9 /* Debug */,
				8EAF4BB51BFC0DDA0038C6A9 /* Release */,
			);
			defaultConfigurationIsVisible = 0;
		};
		8EAF4BB61BFC0DDA0038C6A9 /* Build configuration list for PBXNativeTarget "NavgationViewControolerDemoTests" */ = {
			isa = XCConfigurationList;
			buildConfigurations = (
				8EAF4BB71BFC0DDA0038C6A9 /* Debug */,
				8EAF4BB81BFC0DDA0038C6A9 /* Release */,
			);
			defaultConfigurationIsVisible = 0;
		};
		8EAF4BB91BFC0DDA0038C6A9 /* Build configuration list for PBXNativeTarget "NavgationViewControolerDemoUITests" */ = {
			isa = XCConfigurationList;
			buildConfigurations = (
				8EAF4BBA1BFC0DDA0038C6A9 /* Debug */,
				8EAF4BBB1BFC0DDA0038C6A9 /* Release */,
			);
			defaultConfigurationIsVisible = 0;
		};
/* End XCConfigurationList section */
	};
	rootObject = 8EAF4B7E1BFC0DDA0038C6A9 /* Project object */;
}
